
Microsoft Visual Studio Solution File, Format Version 12.00
# Visual Studio Version 16
VisualStudioVersion = 16.0.30320.27
MinimumVisualStudioVersion = 10.0.40219.1
Project("{FAE04EC0-301F-11D3-BF4B-00C04F79EFBC}") = "Narail", "Narail\Narail.csproj", "{348F3B67-AE54-4866-B2E0-BC0ECF2F90E5}"
EndProject
Global
	GlobalSection(SolutionConfigurationPlatforms) = preSolution
		Debug|Any CPU = Debug|Any CPU
		Release|Any CPU = Release|Any CPU
	EndGlobalSection
	GlobalSection(ProjectConfigurationPlatforms) = postSolution
		{348F3B67-AE54-4866-B2E0-BC0ECF2F90E5}.Debug|Any CPU.ActiveCfg = Debug|Any CPU
		{348F3B67-AE54-4866-B2E0-BC0ECF2F90E5}.Debug|Any CPU.Build.0 = Debug|Any CPU
		{348F3B67-AE54-4866-B2E0-BC0ECF2F90E5}.Release|Any CPU.ActiveCfg = Release|Any CPU
		{348F3B67-AE54-4866-B2E0-BC0ECF2F90E5}.Release|Any CPU.Build.0 = Release|Any CPU
	EndGlobalSection
	GlobalSection(SolutionProperties) = preSolution
		HideSolutionNode = FALSE
	EndGlobalSection
	GlobalSection(ExtensibilityGlobals) = postSolution
		SolutionGuid = {FD847CBE-5911-4D9C-8D93-FEFC6BBA83F5}
	EndGlobalSection
EndGlobal
